
Microsoft Visual Studio Solution File, Format Version 12.00
# Visual Studio Version 16
VisualStudioVersion = 25.0.1706.7
MinimumVisualStudioVersion = 10.0.40219.1
Project("{FAE04EC0-301F-11D3-BF4B-00C04F79EFBC}") = "fort-cen", "fort-cen.csproj", "{A51DF83D-2C0F-43F9-8A6C-594A3693BFB2}"
EndProject
Global
	GlobalSection(SolutionConfigurationPlatforms) = preSolution
		Debug|Any CPU = Debug|Any CPU
		Release|Any CPU = Release|Any CPU
	EndGlobalSection
	GlobalSection(ProjectConfigurationPlatforms) = postSolution
		{A51DF83D-2C0F-43F9-8A6C-594A3693BFB2}.Debug|Any CPU.ActiveCfg = Debug|Any CPU
		{A51DF83D-2C0F-43F9-8A6C-594A3693BFB2}.Debug|Any CPU.Build.0 = Debug|Any CPU
		{A51DF83D-2C0F-43F9-8A6C-594A3693BFB2}.Release|Any CPU.ActiveCfg = Release|Any CPU
		{A51DF83D-2C0F-43F9-8A6C-594A3693BFB2}.Release|Any CPU.Build.0 = Release|Any CPU
	EndGlobalSection
	GlobalSection(SolutionProperties) = preSolution
		HideSolutionNode = FALSE
	EndGlobalSection
	GlobalSection(ExtensibilityGlobals) = postSolution
		SolutionGuid = {BE7CBDAC-7030-45F4-A92D-B3A8802F8314}
	EndGlobalSection
EndGlobal
